// !$*UTF8*$!
{
	archiveVersion = 1;
	classes = {
	};
	objectVersion = 46;
	objects = {

/* Begin PBXBuildFile section */
		D7C7C652159D0AD200343C1D /* UIKit.framework in Frameworks */ = {isa = PBXBuildFile; fileRef = D7C7C651159D0AD200343C1D /* UIKit.framework */; };
		D7C7C654159D0AD200343C1D /* Foundation.framework in Frameworks */ = {isa = PBXBuildFile; fileRef = D7C7C653159D0AD200343C1D /* Foundation.framework */; };
		D7C7C656159D0AD200343C1D /* CoreGraphics.framework in Frameworks */ = {isa = PBXBuildFile; fileRef = D7C7C655159D0AD200343C1D /* CoreGraphics.framework */; };
		D7C7C65C159D0AD200343C1D /* InfoPlist.strings in Resources */ = {isa = PBXBuildFile; fileRef = D7C7C65A159D0AD200343C1D /* InfoPlist.strings */; };
		D7C7C65E159D0AD200343C1D /* main.m in Sources */ = {isa = PBXBuildFile; fileRef = D7C7C65D159D0AD200343C1D /* main.m */; };
		D7C7C662159D0AD200343C1D /* defProbsMaybsGonnaWorkAppDelegate.m in Sources */ = {isa = PBXBuildFile; fileRef = D7C7C661159D0AD200343C1D /* defProbsMaybsGonnaWorkAppDelegate.m */; };
		D7C7C665159D0AD200343C1D /* MainStoryboard.storyboard in Resources */ = {isa = PBXBuildFile; fileRef = D7C7C663159D0AD200343C1D /* MainStoryboard.storyboard */; };
		D7C7C668159D0AD200343C1D /* defProbsMaybsGonnaWorkViewController.m in Sources */ = {isa = PBXBuildFile; fileRef = D7C7C667159D0AD200343C1D /* defProbsMaybsGonnaWorkViewController.m */; };
/* End PBXBuildFile section */

/* Begin PBXFileReference section */
		D7C7C64D159D0AD200343C1D /* defProbsMaybsGonnaWork.app */ = {isa = PBXFileReference; explicitFileType = wrapper.application; includeInIndex = 0; path = defProbsMaybsGonnaWork.app; sourceTree = BUILT_PRODUCTS_DIR; };
		D7C7C651159D0AD200343C1D /* UIKit.framework */ = {isa = PBXFileReference; lastKnownFileType = wrapper.framework; name = UIKit.framework; path = System/Library/Frameworks/UIKit.framework; sourceTree = SDKROOT; };
		D7C7C653159D0AD200343C1D /* Foundation.framework */ = {isa = PBXFileReference; lastKnownFileType = wrapper.framework; name = Foundation.framework; path = System/Library/Frameworks/Foundation.framework; sourceTree = SDKROOT; };
		D7C7C655159D0AD200343C1D /* CoreGraphics.framework */ = {isa = PBXFileReference; lastKnownFileType = wrapper.framework; name = CoreGraphics.framework; path = System/Library/Frameworks/CoreGraphics.framework; sourceTree = SDKROOT; };
		D7C7C659159D0AD200343C1D /* defProbsMaybsGonnaWork-Info.plist */ = {isa = PBXFileReference; lastKnownFileType = text.plist.xml; path = "defProbsMaybsGonnaWork-Info.plist"; sourceTree = "<group>"; };
		D7C7C65B159D0AD200343C1D /* en */ = {isa = PBXFileReference; lastKnownFileType = text.plist.strings; name = en; path = en.lproj/InfoPlist.strings; sourceTree = "<group>"; };
		D7C7C65D159D0AD200343C1D /* main.m */ = {isa = PBXFileReference; lastKnownFileType = sourcecode.c.objc; path = main.m; sourceTree = "<group>"; };
		D7C7C65F159D0AD200343C1D /* defProbsMaybsGonnaWork-Prefix.pch */ = {isa = PBXFileReference; lastKnownFileType = sourcecode.c.h; path = "defProbsMaybsGonnaWork-Prefix.pch"; sourceTree = "<group>"; };
		D7C7C660159D0AD200343C1D /* defProbsMaybsGonnaWorkAppDelegate.h */ = {isa = PBXFileReference; lastKnownFileType = sourcecode.c.h; path = defProbsMaybsGonnaWorkAppDelegate.h; sourceTree = "<group>"; };
		D7C7C661159D0AD200343C1D /* defProbsMaybsGonnaWorkAppDelegate.m */ = {isa = PBXFileReference; lastKnownFileType = sourcecode.c.objc; path = defProbsMaybsGonnaWorkAppDelegate.m; sourceTree = "<group>"; };
		D7C7C664159D0AD200343C1D /* en */ = {isa = PBXFileReference; lastKnownFileType = file.storyboard; name = en; path = en.lproj/MainStoryboard.storyboard; sourceTree = "<group>"; };
		D7C7C666159D0AD200343C1D /* defProbsMaybsGonnaWorkViewController.h */ = {isa = PBXFileReference; lastKnownFileType = sourcecode.c.h; path = defProbsMaybsGonnaWorkViewController.h; sourceTree = "<group>"; };
		D7C7C667159D0AD200343C1D /* defProbsMaybsGonnaWorkViewController.m */ = {isa = PBXFileReference; lastKnownFileType = sourcecode.c.objc; path = defProbsMaybsGonnaWorkViewController.m; sourceTree = "<group>"; };
/* End PBXFileReference section */

/* Begin PBXFrameworksBuildPhase section */
		D7C7C64A159D0AD200343C1D /* Frameworks */ = {
			isa = PBXFrameworksBuildPhase;
			buildActionMask = 2147483647;
			files = (
				D7C7C652159D0AD200343C1D /* UIKit.framework in Frameworks */,
				D7C7C654159D0AD200343C1D /* Foundation.framework in Frameworks */,
				D7C7C656159D0AD200343C1D /* CoreGraphics.framework in Frameworks */,
			);
			runOnlyForDeploymentPostprocessing = 0;
		};
/* End PBXFrameworksBuildPhase section */

/* Begin PBXGroup section */
		D7C7C642159D0AD200343C1D = {
			isa = PBXGroup;
			children = (
				D7C7C657159D0AD200343C1D /* defProbsMaybsGonnaWork */,
				D7C7C650159D0AD200343C1D /* Frameworks */,
				D7C7C64E159D0AD200343C1D /* Products */,
			);
			sourceTree = "<group>";
		};
		D7C7C64E159D0AD200343C1D /* Products */ = {
			isa = PBXGroup;
			children = (
				D7C7C64D159D0AD200343C1D /* defProbsMaybsGonnaWork.app */,
			);
			name = Products;
			sourceTree = "<group>";
		};
		D7C7C650159D0AD200343C1D /* Frameworks */ = {
			isa = PBXGroup;
			children = (
				D7C7C651159D0AD200343C1D /* UIKit.framework */,
				D7C7C653159D0AD200343C1D /* Foundation.framework */,
				D7C7C655159D0AD200343C1D /* CoreGraphics.framework */,
			);
			name = Frameworks;
			sourceTree = "<group>";
		};
		D7C7C657159D0AD200343C1D /* defProbsMaybsGonnaWork */ = {
			isa = PBXGroup;
			children = (
				D7C7C660159D0AD200343C1D /* defProbsMaybsGonnaWorkAppDelegate.h */,
				D7C7C661159D0AD200343C1D /* defProbsMaybsGonnaWorkAppDelegate.m */,
				D7C7C663159D0AD200343C1D /* MainStoryboard.storyboard */,
				D7C7C666159D0AD200343C1D /* defProbsMaybsGonnaWorkViewController.h */,
				D7C7C667159D0AD200343C1D /* defProbsMaybsGonnaWorkViewController.m */,
				D7C7C658159D0AD200343C1D /* Supporting Files */,
			);
			path = defProbsMaybsGonnaWork;
			sourceTree = "<group>";
		};
		D7C7C658159D0AD200343C1D /* Supporting Files */ = {
			isa = PBXGroup;
			children = (
				D7C7C659159D0AD200343C1D /* defProbsMaybsGonnaWork-Info.plist */,
				D7C7C65A159D0AD200343C1D /* InfoPlist.strings */,
				D7C7C65D159D0AD200343C1D /* main.m */,
				D7C7C65F159D0AD200343C1D /* defProbsMaybsGonnaWork-Prefix.pch */,
			);
			name = "Supporting Files";
			sourceTree = "<group>";
		};
/* End PBXGroup section */

/* Begin PBXNativeTarget section */
		D7C7C64C159D0AD200343C1D /* defProbsMaybsGonnaWork */ = {
			isa = PBXNativeTarget;
			buildConfigurationList = D7C7C66B159D0AD200343C1D /* Build configuration list for PBXNativeTarget "defProbsMaybsGonnaWork" */;
			buildPhases = (
				D7C7C649159D0AD200343C1D /* Sources */,
				D7C7C64A159D0AD200343C1D /* Frameworks */,
				D7C7C64B159D0AD200343C1D /* Resources */,
			);
			buildRules = (
			);
			dependencies = (
			);
			name = defProbsMaybsGonnaWork;
			productName = defProbsMaybsGonnaWork;
			productReference = D7C7C64D159D0AD200343C1D /* defProbsMaybsGonnaWork.app */;
			productType = "com.apple.product-type.application";
		};
/* End PBXNativeTarget section */

/* Begin PBXProject section */
		D7C7C644159D0AD200343C1D /* Project object */ = {
			isa = PBXProject;
			attributes = {
				LastUpgradeCheck = 0420;
			};
			buildConfigurationList = D7C7C647159D0AD200343C1D /* Build configuration list for PBXProject "defProbsMaybsGonnaWork" */;
			compatibilityVersion = "Xcode 3.2";
			developmentRegion = English;
			hasScannedForEncodings = 0;
			knownRegions = (
				en,
			);
			mainGroup = D7C7C642159D0AD200343C1D;
			productRefGroup = D7C7C64E159D0AD200343C1D /* Products */;
			projectDirPath = "";
			projectRoot = "";
			targets = (
				D7C7C64C159D0AD200343C1D /* defProbsMaybsGonnaWork */,
			);
		};
/* End PBXProject section */

/* Begin PBXResourcesBuildPhase section */
		D7C7C64B159D0AD200343C1D /* Resources */ = {
			isa = PBXResourcesBuildPhase;
			buildActionMask = 2147483647;
			files = (
				D7C7C65C159D0AD200343C1D /* InfoPlist.strings in Resources */,
				D7C7C665159D0AD200343C1D /* MainStoryboard.storyboard in Resources */,
			);
			runOnlyForDeploymentPostprocessing = 0;
		};
/* End PBXResourcesBuildPhase section */

/* Begin PBXSourcesBuildPhase section */
		D7C7C649159D0AD200343C1D /* Sources */ = {
			isa = PBXSourcesBuildPhase;
			buildActionMask = 2147483647;
			files = (
				D7C7C65E159D0AD200343C1D /* main.m in Sources */,
				D7C7C662159D0AD200343C1D /* defProbsMaybsGonnaWorkAppDelegate.m in Sources */,
				D7C7C668159D0AD200343C1D /* defProbsMaybsGonnaWorkViewController.m in Sources */,
			);
			runOnlyForDeploymentPostprocessing = 0;
		};
/* End PBXSourcesBuildPhase section */

/* Begin PBXVariantGroup section */
		D7C7C65A159D0AD200343C1D /* InfoPlist.strings */ = {
			isa = PBXVariantGroup;
			children = (
				D7C7C65B159D0AD200343C1D /* en */,
			);
			name = InfoPlist.strings;
			sourceTree = "<group>";
		};
		D7C7C663159D0AD200343C1D /* MainStoryboard.storyboard */ = {
			isa = PBXVariantGroup;
			children = (
				D7C7C664159D0AD200343C1D /* en */,
			);
			name = MainStoryboard.storyboard;
			sourceTree = "<group>";
		};
/* End PBXVariantGroup section */

/* Begin XCBuildConfiguration section */
		D7C7C669159D0AD200343C1D /* Debug */ = {
			isa = XCBuildConfiguration;
			buildSettings = {
				ALWAYS_SEARCH_USER_PATHS = NO;
				ARCHS = "$(ARCHS_STANDARD_32_BIT)";
				CLANG_ENABLE_OBJC_ARC = YES;
				"CODE_SIGN_IDENTITY[sdk=iphoneos*]" = "iPhone Developer";
				COPY_PHASE_STRIP = NO;
				GCC_C_LANGUAGE_STANDARD = gnu99;
				GCC_DYNAMIC_NO_PIC = NO;
				GCC_OPTIMIZATION_LEVEL = 0;
				GCC_PREPROCESSOR_DEFINITIONS = (
					"DEBUG=1",
					"$(inherited)",
				);
				GCC_SYMBOLS_PRIVATE_EXTERN = NO;
				GCC_VERSION = com.apple.compilers.llvm.clang.1_0;
				GCC_WARN_ABOUT_MISSING_PROTOTYPES = YES;
				GCC_WARN_ABOUT_RETURN_TYPE = YES;
				GCC_WARN_UNUSED_VARIABLE = YES;
				IPHONEOS_DEPLOYMENT_TARGET = 5.0;
				SDKROOT = iphoneos;
			};
			name = Debug;
		};
		D7C7C66A159D0AD200343C1D /* Release */ = {
			isa = XCBuildConfiguration;
			buildSettings = {
				ALWAYS_SEARCH_USER_PATHS = NO;
				ARCHS = "$(ARCHS_STANDARD_32_BIT)";
				CLANG_ENABLE_OBJC_ARC = YES;
				"CODE_SIGN_IDENTITY[sdk=iphoneos*]" = "iPhone Developer";
				COPY_PHASE_STRIP = YES;
				GCC_C_LANGUAGE_STANDARD = gnu99;
				GCC_VERSION = com.apple.compilers.llvm.clang.1_0;
				GCC_WARN_ABOUT_MISSING_PROTOTYPES = YES;
				GCC_WARN_ABOUT_RETURN_TYPE = YES;
				GCC_WARN_UNUSED_VARIABLE = YES;
				IPHONEOS_DEPLOYMENT_TARGET = 5.0;
				OTHER_CFLAGS = "-DNS_BLOCK_ASSERTIONS=1";
				SDKROOT = iphoneos;
				VALIDATE_PRODUCT = YES;
			};
			name = Release;
		};
		D7C7C66C159D0AD200343C1D /* Debug */ = {
			isa = XCBuildConfiguration;
			buildSettings = {
				GCC_PRECOMPILE_PREFIX_HEADER = YES;
				GCC_PREFIX_HEADER = "defProbsMaybsGonnaWork/defProbsMaybsGonnaWork-Prefix.pch";
				INFOPLIST_FILE = "defProbsMaybsGonnaWork/defProbsMaybsGonnaWork-Info.plist";
				PRODUCT_NAME = "$(TARGET_NAME)";
				WRAPPER_EXTENSION = app;
			};
			name = Debug;
		};
		D7C7C66D159D0AD200343C1D /* Release */ = {
			isa = XCBuildConfiguration;
			buildSettings = {
				GCC_PRECOMPILE_PREFIX_HEADER = YES;
				GCC_PREFIX_HEADER = "defProbsMaybsGonnaWork/defProbsMaybsGonnaWork-Prefix.pch";
				INFOPLIST_FILE = "defProbsMaybsGonnaWork/defProbsMaybsGonnaWork-Info.plist";
				PRODUCT_NAME = "$(TARGET_NAME)";
				WRAPPER_EXTENSION = app;
			};
			name = Release;
		};
/* End XCBuildConfiguration section */

/* Begin XCConfigurationList section */
		D7C7C647159D0AD200343C1D /* Build configuration list for PBXProject "defProbsMaybsGonnaWork" */ = {
			isa = XCConfigurationList;
			buildConfigurations = (
				D7C7C669159D0AD200343C1D /* Debug */,
				D7C7C66A159D0AD200343C1D /* Release */,
			);
			defaultConfigurationIsVisible = 0;
			defaultConfigurationName = Release;
		};
		D7C7C66B159D0AD200343C1D /* Build configuration list for PBXNativeTarget "defProbsMaybsGonnaWork" */ = {
			isa = XCConfigurationList;
			buildConfigurations = (
				D7C7C66C159D0AD200343C1D /* Debug */,
				D7C7C66D159D0AD200343C1D /* Release */,
			);
			defaultConfigurationIsVisible = 0;
		};
/* End XCConfigurationList section */
	};
	rootObject = D7C7C644159D0AD200343C1D /* Project object */;
}
